
Microsoft Visual Studio Solution File, Format Version 12.00
# Visual Studio 2012
Project("{FAE04EC0-301F-11D3-BF4B-00C04F79EFBC}") = "Glue4Net", "Glue4Net\Glue4Net.csproj", "{B4D38921-4E4F-45A4-8180-B8E51F202650}"
EndProject
Project("{FAE04EC0-301F-11D3-BF4B-00C04F79EFBC}") = "Glue4Net.Test.Demo", "Glue4Net.Test.Demo\Glue4Net.Test.Demo.csproj", "{C53A2666-2746-4911-9726-FB623F21AC73}"
EndProject
Project("{FAE04EC0-301F-11D3-BF4B-00C04F79EFBC}") = "Glue4Net.Test.App", "Glue4Net.Test.App\Glue4Net.Test.App.csproj", "{0BB40320-15FB-4965-A342-DFC40BC3F56B}"
EndProject
Global
	GlobalSection(SolutionConfigurationPlatforms) = preSolution
		Debug|Any CPU = Debug|Any CPU
		Release|Any CPU = Release|Any CPU
	EndGlobalSection
	GlobalSection(ProjectConfigurationPlatforms) = postSolution
		{B4D38921-4E4F-45A4-8180-B8E51F202650}.Debug|Any CPU.ActiveCfg = Debug|Any CPU
		{B4D38921-4E4F-45A4-8180-B8E51F202650}.Debug|Any CPU.Build.0 = Debug|Any CPU
		{B4D38921-4E4F-45A4-8180-B8E51F202650}.Release|Any CPU.ActiveCfg = Release|Any CPU
		{B4D38921-4E4F-45A4-8180-B8E51F202650}.Release|Any CPU.Build.0 = Release|Any CPU
		{C53A2666-2746-4911-9726-FB623F21AC73}.Debug|Any CPU.ActiveCfg = Debug|Any CPU
		{C53A2666-2746-4911-9726-FB623F21AC73}.Debug|Any CPU.Build.0 = Debug|Any CPU
		{C53A2666-2746-4911-9726-FB623F21AC73}.Release|Any CPU.ActiveCfg = Release|Any CPU
		{C53A2666-2746-4911-9726-FB623F21AC73}.Release|Any CPU.Build.0 = Release|Any CPU
		{0BB40320-15FB-4965-A342-DFC40BC3F56B}.Debug|Any CPU.ActiveCfg = Debug|Any CPU
		{0BB40320-15FB-4965-A342-DFC40BC3F56B}.Debug|Any CPU.Build.0 = Debug|Any CPU
		{0BB40320-15FB-4965-A342-DFC40BC3F56B}.Release|Any CPU.ActiveCfg = Release|Any CPU
		{0BB40320-15FB-4965-A342-DFC40BC3F56B}.Release|Any CPU.Build.0 = Release|Any CPU
	EndGlobalSection
	GlobalSection(SolutionProperties) = preSolution
		HideSolutionNode = FALSE
	EndGlobalSection
EndGlobal
